
Microsoft Visual Studio Solution File, Format Version 12.00
# Visual Studio 14
VisualStudioVersion = 14.0.25420.1
MinimumVisualStudioVersion = 10.0.40219.1
Project("{FAE04EC0-301F-11D3-BF4B-00C04F79EFBC}") = "KSharp", "KSharp\KSharp.csproj", "{71ED26A2-BD90-48B4-A736-B05DC7F5D234}"
EndProject
Project("{2150E333-8FDC-42A3-9474-1A3956D46DE8}") = "Examples", "Examples", "{C6B86FCF-3429-4A2A-BA18-D694E2DBA722}"
EndProject
Project("{FAE04EC0-301F-11D3-BF4B-00C04F79EFBC}") = "SimpleExample", "SimpleExample\SimpleExample.csproj", "{95FF7195-C4AB-43C4-AF94-675E7F365D52}"
EndProject
Global
	GlobalSection(SolutionConfigurationPlatforms) = preSolution
		Debug|Any CPU = Debug|Any CPU
		Release|Any CPU = Release|Any CPU
	EndGlobalSection
	GlobalSection(ProjectConfigurationPlatforms) = postSolution
		{71ED26A2-BD90-48B4-A736-B05DC7F5D234}.Debug|Any CPU.ActiveCfg = Debug|Any CPU
		{71ED26A2-BD90-48B4-A736-B05DC7F5D234}.Debug|Any CPU.Build.0 = Debug|Any CPU
		{71ED26A2-BD90-48B4-A736-B05DC7F5D234}.Release|Any CPU.ActiveCfg = Release|Any CPU
		{71ED26A2-BD90-48B4-A736-B05DC7F5D234}.Release|Any CPU.Build.0 = Release|Any CPU
		{95FF7195-C4AB-43C4-AF94-675E7F365D52}.Debug|Any CPU.ActiveCfg = Debug|Any CPU
		{95FF7195-C4AB-43C4-AF94-675E7F365D52}.Debug|Any CPU.Build.0 = Debug|Any CPU
		{95FF7195-C4AB-43C4-AF94-675E7F365D52}.Release|Any CPU.ActiveCfg = Release|Any CPU
		{95FF7195-C4AB-43C4-AF94-675E7F365D52}.Release|Any CPU.Build.0 = Release|Any CPU
	EndGlobalSection
	GlobalSection(SolutionProperties) = preSolution
		HideSolutionNode = FALSE
	EndGlobalSection
	GlobalSection(NestedProjects) = preSolution
		{95FF7195-C4AB-43C4-AF94-675E7F365D52} = {C6B86FCF-3429-4A2A-BA18-D694E2DBA722}
	EndGlobalSection
EndGlobal
